
Microsoft Visual Studio Solution File, Format Version 12.00
# Visual Studio Version 17
VisualStudioVersion = 17.5.33516.290
MinimumVisualStudioVersion = 10.0.40219.1
Project("{FAE04EC0-301F-11D3-BF4B-00C04F79EFBC}") = "jwtAuthentication", "jwtAuthentication\jwtAuthentication.csproj", "{5F135A9D-C4CD-4CA3-B054-DB97A0E83495}"
EndProject
Global
	GlobalSection(SolutionConfigurationPlatforms) = preSolution
		Debug|Any CPU = Debug|Any CPU
		Release|Any CPU = Release|Any CPU
	EndGlobalSection
	GlobalSection(ProjectConfigurationPlatforms) = postSolution
		{5F135A9D-C4CD-4CA3-B054-DB97A0E83495}.Debug|Any CPU.ActiveCfg = Debug|Any CPU
		{5F135A9D-C4CD-4CA3-B054-DB97A0E83495}.Debug|Any CPU.Build.0 = Debug|Any CPU
		{5F135A9D-C4CD-4CA3-B054-DB97A0E83495}.Release|Any CPU.ActiveCfg = Release|Any CPU
		{5F135A9D-C4CD-4CA3-B054-DB97A0E83495}.Release|Any CPU.Build.0 = Release|Any CPU
	EndGlobalSection
	GlobalSection(SolutionProperties) = preSolution
		HideSolutionNode = FALSE
	EndGlobalSection
	GlobalSection(ExtensibilityGlobals) = postSolution
		SolutionGuid = {A7D0A681-8C6F-4662-A516-F98EB6B64C37}
	EndGlobalSection
EndGlobal
